
Microsoft Visual Studio Solution File, Format Version 12.00
# Visual Studio Version 16
VisualStudioVersion = 16.0.30907.101
MinimumVisualStudioVersion = 10.0.40219.1
Project("{FAE04EC0-301F-11D3-BF4B-00C04F79EFBC}") = "BatteryDataStreamer", "BatteryDataStreamer\BatteryDataStreamer.csproj", "{AB369976-4EDE-4717-B8CA-8CC764E8CC69}"
EndProject
Project("{FAE04EC0-301F-11D3-BF4B-00C04F79EFBC}") = "BatteryDataStreamerTest", "BatteryDataStreamerTest\BatteryDataStreamerTest.csproj", "{DDA4D51F-BA48-48BD-98EF-281187DFEE16}"
EndProject
Global
	GlobalSection(SolutionConfigurationPlatforms) = preSolution
		Debug|Any CPU = Debug|Any CPU
		Release|Any CPU = Release|Any CPU
	EndGlobalSection
	GlobalSection(ProjectConfigurationPlatforms) = postSolution
		{AB369976-4EDE-4717-B8CA-8CC764E8CC69}.Debug|Any CPU.ActiveCfg = Debug|Any CPU
		{AB369976-4EDE-4717-B8CA-8CC764E8CC69}.Debug|Any CPU.Build.0 = Debug|Any CPU
		{AB369976-4EDE-4717-B8CA-8CC764E8CC69}.Release|Any CPU.ActiveCfg = Release|Any CPU
		{AB369976-4EDE-4717-B8CA-8CC764E8CC69}.Release|Any CPU.Build.0 = Release|Any CPU
		{DDA4D51F-BA48-48BD-98EF-281187DFEE16}.Debug|Any CPU.ActiveCfg = Debug|Any CPU
		{DDA4D51F-BA48-48BD-98EF-281187DFEE16}.Debug|Any CPU.Build.0 = Debug|Any CPU
		{DDA4D51F-BA48-48BD-98EF-281187DFEE16}.Release|Any CPU.ActiveCfg = Release|Any CPU
		{DDA4D51F-BA48-48BD-98EF-281187DFEE16}.Release|Any CPU.Build.0 = Release|Any CPU
	EndGlobalSection
	GlobalSection(SolutionProperties) = preSolution
		HideSolutionNode = FALSE
	EndGlobalSection
	GlobalSection(ExtensibilityGlobals) = postSolution
		SolutionGuid = {68F053FC-8EC9-4DD3-9AF4-181DE8B502DC}
	EndGlobalSection
EndGlobal
